
Microsoft Visual Studio Solution File, Format Version 12.00
# Visual Studio Version 17
VisualStudioVersion = 17.9.34407.89
MinimumVisualStudioVersion = 10.0.40219.1
Project("{9A19103F-16F7-4668-BE54-9A1E7A4F7556}") = "Resolver", "Resolver\Resolver.csproj", "{99FCB13D-1641-4066-9E00-92DF3BE80DE6}"
EndProject
Project("{9A19103F-16F7-4668-BE54-9A1E7A4F7556}") = "Resolver.Tests", "Resolver.Tests\Resolver.Tests.csproj", "{0C67ECF9-3FC7-4779-AC90-CC03518E1634}"
EndProject
Global
	GlobalSection(SolutionConfigurationPlatforms) = preSolution
		Debug|Any CPU = Debug|Any CPU
		Release|Any CPU = Release|Any CPU
	EndGlobalSection
	GlobalSection(ProjectConfigurationPlatforms) = postSolution
		{99FCB13D-1641-4066-9E00-92DF3BE80DE6}.Debug|Any CPU.ActiveCfg = Debug|Any CPU
		{99FCB13D-1641-4066-9E00-92DF3BE80DE6}.Debug|Any CPU.Build.0 = Debug|Any CPU
		{99FCB13D-1641-4066-9E00-92DF3BE80DE6}.Release|Any CPU.ActiveCfg = Release|Any CPU
		{99FCB13D-1641-4066-9E00-92DF3BE80DE6}.Release|Any CPU.Build.0 = Release|Any CPU
		{0C67ECF9-3FC7-4779-AC90-CC03518E1634}.Debug|Any CPU.ActiveCfg = Debug|Any CPU
		{0C67ECF9-3FC7-4779-AC90-CC03518E1634}.Debug|Any CPU.Build.0 = Debug|Any CPU
		{0C67ECF9-3FC7-4779-AC90-CC03518E1634}.Release|Any CPU.ActiveCfg = Release|Any CPU
		{0C67ECF9-3FC7-4779-AC90-CC03518E1634}.Release|Any CPU.Build.0 = Release|Any CPU
	EndGlobalSection
	GlobalSection(SolutionProperties) = preSolution
		HideSolutionNode = FALSE
	EndGlobalSection
	GlobalSection(ExtensibilityGlobals) = postSolution
		SolutionGuid = {0BEC1813-D785-47FA-9149-A36AED2FDDCC}
	EndGlobalSection
EndGlobal
